
Microsoft Visual Studio Solution File, Format Version 12.00
# Visual Studio Version 17
VisualStudioVersion = 17.0.31903.59
MinimumVisualStudioVersion = 10.0.40219.1
Project("{FAE04EC0-301F-11D3-BF4B-00C04F79EFBC}") = "ExerciseTracker.API", "ExerciseTracker.API\ExerciseTracker.API.csproj", "{36978D67-0279-48AF-83EE-53A437A021AF}"
EndProject
Project("{FAE04EC0-301F-11D3-BF4B-00C04F79EFBC}") = "ExerciseTracker.Modules", "ExerciseTracker.Modules\ExerciseTracker.Modules.csproj", "{042363E0-B816-434C-B8D2-EDF1BBA738CD}"
EndProject
Project("{FAE04EC0-301F-11D3-BF4B-00C04F79EFBC}") = "ExerciseTracker.Service", "ExerciseTracker.Service\ExerciseTracker.Service.csproj", "{E6D63DBF-06EA-4381-B92C-16DFD45B3BA7}"
EndProject
Project("{FAE04EC0-301F-11D3-BF4B-00C04F79EFBC}") = "ExerciseTracker.Dal", "ExerciseTracker.Dal\ExerciseTracker.Dal.csproj", "{231CBC82-0BF6-4D25-8786-61A1D9FA5ACE}"
EndProject
Project("{FAE04EC0-301F-11D3-BF4B-00C04F79EFBC}") = "ExerciseTracker.App", "ExerciseTracker.App\ExerciseTracker.App.csproj", "{D38E4E39-D700-45EF-A643-8603D47E3515}"
EndProject
Global
	GlobalSection(SolutionConfigurationPlatforms) = preSolution
		Debug|Any CPU = Debug|Any CPU
		Release|Any CPU = Release|Any CPU
	EndGlobalSection
	GlobalSection(ProjectConfigurationPlatforms) = postSolution
		{36978D67-0279-48AF-83EE-53A437A021AF}.Debug|Any CPU.ActiveCfg = Debug|Any CPU
		{36978D67-0279-48AF-83EE-53A437A021AF}.Debug|Any CPU.Build.0 = Debug|Any CPU
		{36978D67-0279-48AF-83EE-53A437A021AF}.Release|Any CPU.ActiveCfg = Release|Any CPU
		{36978D67-0279-48AF-83EE-53A437A021AF}.Release|Any CPU.Build.0 = Release|Any CPU
		{042363E0-B816-434C-B8D2-EDF1BBA738CD}.Debug|Any CPU.ActiveCfg = Debug|Any CPU
		{042363E0-B816-434C-B8D2-EDF1BBA738CD}.Debug|Any CPU.Build.0 = Debug|Any CPU
		{042363E0-B816-434C-B8D2-EDF1BBA738CD}.Release|Any CPU.ActiveCfg = Release|Any CPU
		{042363E0-B816-434C-B8D2-EDF1BBA738CD}.Release|Any CPU.Build.0 = Release|Any CPU
		{E6D63DBF-06EA-4381-B92C-16DFD45B3BA7}.Debug|Any CPU.ActiveCfg = Debug|Any CPU
		{E6D63DBF-06EA-4381-B92C-16DFD45B3BA7}.Debug|Any CPU.Build.0 = Debug|Any CPU
		{E6D63DBF-06EA-4381-B92C-16DFD45B3BA7}.Release|Any CPU.ActiveCfg = Release|Any CPU
		{E6D63DBF-06EA-4381-B92C-16DFD45B3BA7}.Release|Any CPU.Build.0 = Release|Any CPU
		{231CBC82-0BF6-4D25-8786-61A1D9FA5ACE}.Debug|Any CPU.ActiveCfg = Debug|Any CPU
		{231CBC82-0BF6-4D25-8786-61A1D9FA5ACE}.Debug|Any CPU.Build.0 = Debug|Any CPU
		{231CBC82-0BF6-4D25-8786-61A1D9FA5ACE}.Release|Any CPU.ActiveCfg = Release|Any CPU
		{231CBC82-0BF6-4D25-8786-61A1D9FA5ACE}.Release|Any CPU.Build.0 = Release|Any CPU
		{D38E4E39-D700-45EF-A643-8603D47E3515}.Debug|Any CPU.ActiveCfg = Debug|Any CPU
		{D38E4E39-D700-45EF-A643-8603D47E3515}.Debug|Any CPU.Build.0 = Debug|Any CPU
		{D38E4E39-D700-45EF-A643-8603D47E3515}.Release|Any CPU.ActiveCfg = Release|Any CPU
		{D38E4E39-D700-45EF-A643-8603D47E3515}.Release|Any CPU.Build.0 = Release|Any CPU
	EndGlobalSection
	GlobalSection(SolutionProperties) = preSolution
		HideSolutionNode = FALSE
	EndGlobalSection
	GlobalSection(ExtensibilityGlobals) = postSolution
		SolutionGuid = {412976F8-462A-4342-985F-D937573A8B94}
	EndGlobalSection
EndGlobal
